// !$*UTF8*$!
{
	archiveVersion = 1;
	classes = {
	};
	objectVersion = 56;
	objects = {

/* Begin PBXBuildFile section */
		75DAFBEE875009620FCC9B14 /* Pods_YouthUnionTLU.framework in Frameworks */ = {isa = PBXBuildFile; fileRef = EC5442DE59D1755506FBFF32 /* Pods_YouthUnionTLU.framework */; };
		AA732F272B9D739A009EB608 /* R.generated.swift in Sources */ = {isa = PBXBuildFile; fileRef = AA732F262B9D739A009EB608 /* R.generated.swift */; };
		AA732F362B9D76F5009EB608 /* SplashViewController.swift in Sources */ = {isa = PBXBuildFile; fileRef = AA732F352B9D76F5009EB608 /* SplashViewController.swift */; };
		AA732F382B9D770A009EB608 /* SplashViewController.storyboard in Resources */ = {isa = PBXBuildFile; fileRef = AA732F372B9D770A009EB608 /* SplashViewController.storyboard */; };
		AA732F3A2B9D7723009EB608 /* SplashViewModel.swift in Sources */ = {isa = PBXBuildFile; fileRef = AA732F392B9D7723009EB608 /* SplashViewModel.swift */; };
		AA732F422B9D844F009EB608 /* GoogleService-Info.plist in Resources */ = {isa = PBXBuildFile; fileRef = AA732F412B9D844F009EB608 /* GoogleService-Info.plist */; };
		AA732F452B9DD2E1009EB608 /* AppFlowCoordinator.swift in Sources */ = {isa = PBXBuildFile; fileRef = AA732F442B9DD2E1009EB608 /* AppFlowCoordinator.swift */; };
		AA732F472B9DD30C009EB608 /* AppAppearance.swift in Sources */ = {isa = PBXBuildFile; fileRef = AA732F462B9DD30C009EB608 /* AppAppearance.swift */; };
		AA732F492B9DD32F009EB608 /* AppDIContainer.swift in Sources */ = {isa = PBXBuildFile; fileRef = AA732F482B9DD32F009EB608 /* AppDIContainer.swift */; };
		AA732F4B2B9DD346009EB608 /* OnboardDIContainer.swift in Sources */ = {isa = PBXBuildFile; fileRef = AA732F4A2B9DD346009EB608 /* OnboardDIContainer.swift */; };
		AA732F4D2B9DD374009EB608 /* OnboardFlowCoodinator.swift in Sources */ = {isa = PBXBuildFile; fileRef = AA732F4C2B9DD374009EB608 /* OnboardFlowCoodinator.swift */; };
		AA732F502B9DD3F2009EB608 /* StoryboardInstantiable.swift in Sources */ = {isa = PBXBuildFile; fileRef = AA732F4F2B9DD3F2009EB608 /* StoryboardInstantiable.swift */; };
		AA732F532B9DF2A7009EB608 /* ExtentionView.swift in Sources */ = {isa = PBXBuildFile; fileRef = AA732F522B9DF2A7009EB608 /* ExtentionView.swift */; };
		AA732F552B9DF311009EB608 /* ExtentionNameable.swift in Sources */ = {isa = PBXBuildFile; fileRef = AA732F542B9DF311009EB608 /* ExtentionNameable.swift */; };
		AA732F592B9F42A8009EB608 /* LanguageViewController.swift in Sources */ = {isa = PBXBuildFile; fileRef = AA732F582B9F42A8009EB608 /* LanguageViewController.swift */; };
		AA732F5B2B9F42BE009EB608 /* LanguageViewController.storyboard in Resources */ = {isa = PBXBuildFile; fileRef = AA732F5A2B9F42BE009EB608 /* LanguageViewController.storyboard */; };
		AA732F5D2B9F432B009EB608 /* LanguageViewModel.swift in Sources */ = {isa = PBXBuildFile; fileRef = AA732F5C2B9F432B009EB608 /* LanguageViewModel.swift */; };
		AA732F642B9F4530009EB608 /* Localizable.strings in Resources */ = {isa = PBXBuildFile; fileRef = AA732F662B9F4530009EB608 /* Localizable.strings */; };
		AA732F6C2B9F4A3C009EB608 /* LanguageType.swift in Sources */ = {isa = PBXBuildFile; fileRef = AA732F6B2B9F4A3C009EB608 /* LanguageType.swift */; };
		AA732F6F2B9F4CC6009EB608 /* LanguageLocalizable.swift in Sources */ = {isa = PBXBuildFile; fileRef = AA732F6E2B9F4CC6009EB608 /* LanguageLocalizable.swift */; };
		AA732F712B9F4CF2009EB608 /* UserDefaultsData.swift in Sources */ = {isa = PBXBuildFile; fileRef = AA732F702B9F4CF2009EB608 /* UserDefaultsData.swift */; };
		AA732F752B9F4EC5009EB608 /* LanguageTableViewCell.swift in Sources */ = {isa = PBXBuildFile; fileRef = AA732F732B9F4EC5009EB608 /* LanguageTableViewCell.swift */; };
		AA732F762B9F4EC5009EB608 /* LanguageTableViewCell.xib in Resources */ = {isa = PBXBuildFile; fileRef = AA732F742B9F4EC5009EB608 /* LanguageTableViewCell.xib */; };
		AA88267C2BAA6837004A2FAC /* AuthenDIContainer.swift in Sources */ = {isa = PBXBuildFile; fileRef = AA88267B2BAA6837004A2FAC /* AuthenDIContainer.swift */; };
		AA8826802BAA6898004A2FAC /* AuthFlowCoodinator.swift in Sources */ = {isa = PBXBuildFile; fileRef = AA88267F2BAA6898004A2FAC /* AuthFlowCoodinator.swift */; };
		AA8826822BAA68C6004A2FAC /* LoginViewController.swift in Sources */ = {isa = PBXBuildFile; fileRef = AA8826812BAA68C6004A2FAC /* LoginViewController.swift */; };
		AA8826842BAA68CD004A2FAC /* LoginViewController.storyboard in Resources */ = {isa = PBXBuildFile; fileRef = AA8826832BAA68CD004A2FAC /* LoginViewController.storyboard */; };
		AA8826862BAA68EE004A2FAC /* LoginViewModel.swift in Sources */ = {isa = PBXBuildFile; fileRef = AA8826852BAA68EE004A2FAC /* LoginViewModel.swift */; };
		AA8826882BAA6939004A2FAC /* Observable.swift in Sources */ = {isa = PBXBuildFile; fileRef = AA8826872BAA6939004A2FAC /* Observable.swift */; };
		AA88268B2BAA69A2004A2FAC /* AuthClient.swift in Sources */ = {isa = PBXBuildFile; fileRef = AA88268A2BAA69A2004A2FAC /* AuthClient.swift */; };
		AA88268F2BAA6CC1004A2FAC /* FireAuthClient.swift in Sources */ = {isa = PBXBuildFile; fileRef = AA88268E2BAA6CC1004A2FAC /* FireAuthClient.swift */; };
		AA8826912BAA9156004A2FAC /* ExtentionTextField.swift in Sources */ = {isa = PBXBuildFile; fileRef = AA8826902BAA9156004A2FAC /* ExtentionTextField.swift */; };
		AA8826942BAA9999004A2FAC /* LoadingView.swift in Sources */ = {isa = PBXBuildFile; fileRef = AA8826932BAA9999004A2FAC /* LoadingView.swift */; };
		AA8826962BAABF46004A2FAC /* CheckValidate.swift in Sources */ = {isa = PBXBuildFile; fileRef = AA8826952BAABF46004A2FAC /* CheckValidate.swift */; };
		AA8826982BAAC0B8004A2FAC /* ExtensionUIVc.swift in Sources */ = {isa = PBXBuildFile; fileRef = AA8826972BAAC0B8004A2FAC /* ExtensionUIVc.swift */; };
		AA88269A2BAAC0D3004A2FAC /* Alert.swift in Sources */ = {isa = PBXBuildFile; fileRef = AA8826992BAAC0D3004A2FAC /* Alert.swift */; };
		AA88269D2BAADC8A004A2FAC /* ForgotPasswordViewController.swift in Sources */ = {isa = PBXBuildFile; fileRef = AA88269C2BAADC8A004A2FAC /* ForgotPasswordViewController.swift */; };
		AA88269F2BAADC94004A2FAC /* ForgotPasswordViewController.storyboard in Resources */ = {isa = PBXBuildFile; fileRef = AA88269E2BAADC94004A2FAC /* ForgotPasswordViewController.storyboard */; };
		AA8826A12BAAE1F2004A2FAC /* ForgotPasswordViewModel.swift in Sources */ = {isa = PBXBuildFile; fileRef = AA8826A02BAAE1F2004A2FAC /* ForgotPasswordViewModel.swift */; };
		AA8826A42BAC3771004A2FAC /* HomeDIContainer.swift in Sources */ = {isa = PBXBuildFile; fileRef = AA8826A32BAC3771004A2FAC /* HomeDIContainer.swift */; };
		AA8826A72BAC3858004A2FAC /* DataUserClient.swift in Sources */ = {isa = PBXBuildFile; fileRef = AA8826A62BAC3858004A2FAC /* DataUserClient.swift */; };
		AA8826A92BAC3872004A2FAC /* User.swift in Sources */ = {isa = PBXBuildFile; fileRef = AA8826A82BAC3872004A2FAC /* User.swift */; };
		AA8826AB2BAC38C0004A2FAC /* Student.swift in Sources */ = {isa = PBXBuildFile; fileRef = AA8826AA2BAC38C0004A2FAC /* Student.swift */; };
		AA8826AD2BAC3D0C004A2FAC /* Posstion.swift in Sources */ = {isa = PBXBuildFile; fileRef = AA8826AC2BAC3D0C004A2FAC /* Posstion.swift */; };
		AA8826AF2BAC3DD2004A2FAC /* Teacher.swift in Sources */ = {isa = PBXBuildFile; fileRef = AA8826AE2BAC3DD2004A2FAC /* Teacher.swift */; };
		AA8826B12BAC3EA3004A2FAC /* Faculaty.swift in Sources */ = {isa = PBXBuildFile; fileRef = AA8826B02BAC3EA3004A2FAC /* Faculaty.swift */; };
		AA8826B32BAC3ED7004A2FAC /* Manager.swift in Sources */ = {isa = PBXBuildFile; fileRef = AA8826B22BAC3ED7004A2FAC /* Manager.swift */; };
		AA8826BA2BAC6FAA004A2FAC /* HomeTabBarViewController.swift in Sources */ = {isa = PBXBuildFile; fileRef = AA8826B92BAC6FAA004A2FAC /* HomeTabBarViewController.swift */; };
		AA8826BF2BAC6FE4004A2FAC /* SearchTabBarViewController.swift in Sources */ = {isa = PBXBuildFile; fileRef = AA8826BE2BAC6FE4004A2FAC /* SearchTabBarViewController.swift */; };
		AA8826C22BAC7008004A2FAC /* SettingTabBarViewController.swift in Sources */ = {isa = PBXBuildFile; fileRef = AA8826C12BAC7008004A2FAC /* SettingTabBarViewController.swift */; };
		AA8826C42BAC70B8004A2FAC /* HomeTabBarViewController.storyboard in Resources */ = {isa = PBXBuildFile; fileRef = AA8826C32BAC70B8004A2FAC /* HomeTabBarViewController.storyboard */; };
		AA8826C62BAC70DD004A2FAC /* SearchTabBarViewController.storyboard in Resources */ = {isa = PBXBuildFile; fileRef = AA8826C52BAC70DD004A2FAC /* SearchTabBarViewController.storyboard */; };
		AA8826C82BAC70F8004A2FAC /* SettingTabBarViewController.storyboard in Resources */ = {isa = PBXBuildFile; fileRef = AA8826C72BAC70F8004A2FAC /* SettingTabBarViewController.storyboard */; };
		AA8826CA2BAC7283004A2FAC /* CustomStyleTabBarContentView.swift in Sources */ = {isa = PBXBuildFile; fileRef = AA8826C92BAC7283004A2FAC /* CustomStyleTabBarContentView.swift */; };
		AA8826CC2BAC7536004A2FAC /* FSUserClient.swift in Sources */ = {isa = PBXBuildFile; fileRef = AA8826CB2BAC7536004A2FAC /* FSUserClient.swift */; };
		AA8826CE2BAC7644004A2FAC /* HomeFlowCoodinator.swift in Sources */ = {isa = PBXBuildFile; fileRef = AA8826CD2BAC7644004A2FAC /* HomeFlowCoodinator.swift */; };
		AA8826D02BAC76AC004A2FAC /* HomeTabBarViewModel.swift in Sources */ = {isa = PBXBuildFile; fileRef = AA8826CF2BAC76AC004A2FAC /* HomeTabBarViewModel.swift */; };
		AA8826D22BAC782F004A2FAC /* SearchFlowCoodinator.swift in Sources */ = {isa = PBXBuildFile; fileRef = AA8826D12BAC782F004A2FAC /* SearchFlowCoodinator.swift */; };
		AA8826D42BAC7857004A2FAC /* SearchTabBarViewModel.swift in Sources */ = {isa = PBXBuildFile; fileRef = AA8826D32BAC7857004A2FAC /* SearchTabBarViewModel.swift */; };
		AA8826D62BAC78A6004A2FAC /* SettingTabBarViewModel.swift in Sources */ = {isa = PBXBuildFile; fileRef = AA8826D52BAC78A6004A2FAC /* SettingTabBarViewModel.swift */; };
		AA8826D82BAC7A94004A2FAC /* SettingDIContainer.swift in Sources */ = {isa = PBXBuildFile; fileRef = AA8826D72BAC7A94004A2FAC /* SettingDIContainer.swift */; };
		AA8826DA2BAC7AAD004A2FAC /* SearchDIContainer.swift in Sources */ = {isa = PBXBuildFile; fileRef = AA8826D92BAC7AAD004A2FAC /* SearchDIContainer.swift */; };
		AA8826DC2BAC7B9C004A2FAC /* SettingFlowCoodinator.swift in Sources */ = {isa = PBXBuildFile; fileRef = AA8826DB2BAC7B9C004A2FAC /* SettingFlowCoodinator.swift */; };
		AAC206422B9B625000BDFCF9 /* AppDelegate.swift in Sources */ = {isa = PBXBuildFile; fileRef = AAC206412B9B625000BDFCF9 /* AppDelegate.swift */; };
		AAC2064B2B9B625200BDFCF9 /* Assets.xcassets in Resources */ = {isa = PBXBuildFile; fileRef = AAC2064A2B9B625200BDFCF9 /* Assets.xcassets */; };
		AAC2064E2B9B625200BDFCF9 /* LaunchScreen.storyboard in Resources */ = {isa = PBXBuildFile; fileRef = AAC2064C2B9B625200BDFCF9 /* LaunchScreen.storyboard */; };
		AADC74052BA33F5000406787 /* PermissionViewController.swift in Sources */ = {isa = PBXBuildFile; fileRef = AADC74042BA33F5000406787 /* PermissionViewController.swift */; };
		AADC74072BA33F5A00406787 /* PermissionViewController.storyboard in Resources */ = {isa = PBXBuildFile; fileRef = AADC74062BA33F5A00406787 /* PermissionViewController.storyboard */; };
		AADC74092BA3434A00406787 /* PermisstionViewModel.swift in Sources */ = {isa = PBXBuildFile; fileRef = AADC74082BA3434A00406787 /* PermisstionViewModel.swift */; };
/* End PBXBuildFile section */

/* Begin PBXFileReference section */
		4F0A6FA60D4219DC995B36EA /* Pods-YouthUnionTLU.release.xcconfig */ = {isa = PBXFileReference; includeInIndex = 1; lastKnownFileType = text.xcconfig; name = "Pods-YouthUnionTLU.release.xcconfig"; path = "Target Support Files/Pods-YouthUnionTLU/Pods-YouthUnionTLU.release.xcconfig"; sourceTree = "<group>"; };
		AA732F262B9D739A009EB608 /* R.generated.swift */ = {isa = PBXFileReference; fileEncoding = 4; lastKnownFileType = sourcecode.swift; path = R.generated.swift; sourceTree = "<group>"; };
		AA732F352B9D76F5009EB608 /* SplashViewController.swift */ = {isa = PBXFileReference; lastKnownFileType = sourcecode.swift; path = SplashViewController.swift; sourceTree = "<group>"; };
		AA732F372B9D770A009EB608 /* SplashViewController.storyboard */ = {isa = PBXFileReference; lastKnownFileType = file.storyboard; path = SplashViewController.storyboard; sourceTree = "<group>"; };
		AA732F392B9D7723009EB608 /* SplashViewModel.swift */ = {isa = PBXFileReference; lastKnownFileType = sourcecode.swift; path = SplashViewModel.swift; sourceTree = "<group>"; };
		AA732F3C2B9D77E4009EB608 /* SF-Pro-Display-Heavy.otf */ = {isa = PBXFileReference; lastKnownFileType = file; path = "SF-Pro-Display-Heavy.otf"; sourceTree = "<group>"; };
		AA732F3D2B9D77EF009EB608 /* SF-Pro-Display-Regular.otf */ = {isa = PBXFileReference; lastKnownFileType = file; path = "SF-Pro-Display-Regular.otf"; sourceTree = "<group>"; };
		AA732F3E2B9D77F5009EB608 /* SF-Pro-Display-Semibold.otf */ = {isa = PBXFileReference; lastKnownFileType = file; path = "SF-Pro-Display-Semibold.otf"; sourceTree = "<group>"; };
		AA732F3F2B9D7803009EB608 /* SF-Pro-Display-Medium.otf */ = {isa = PBXFileReference; lastKnownFileType = file; path = "SF-Pro-Display-Medium.otf"; sourceTree = "<group>"; };
		AA732F402B9D780B009EB608 /* SF-Pro-Display-Bold.otf */ = {isa = PBXFileReference; lastKnownFileType = file; name = "SF-Pro-Display-Bold.otf"; path = "../../../../../../../../IOS/Font/SF PRO DISPLAY/SF-Pro-Display-Bold.otf"; sourceTree = "<group>"; };
		AA732F412B9D844F009EB608 /* GoogleService-Info.plist */ = {isa = PBXFileReference; fileEncoding = 4; lastKnownFileType = text.plist.xml; name = "GoogleService-Info.plist"; path = "../../../../../../../../Downloads/GoogleService-Info.plist"; sourceTree = "<group>"; };
		AA732F442B9DD2E1009EB608 /* AppFlowCoordinator.swift */ = {isa = PBXFileReference; lastKnownFileType = sourcecode.swift; path = AppFlowCoordinator.swift; sourceTree = "<group>"; };
		AA732F462B9DD30C009EB608 /* AppAppearance.swift */ = {isa = PBXFileReference; lastKnownFileType = sourcecode.swift; path = AppAppearance.swift; sourceTree = "<group>"; };
		AA732F482B9DD32F009EB608 /* AppDIContainer.swift */ = {isa = PBXFileReference; lastKnownFileType = sourcecode.swift; path = AppDIContainer.swift; sourceTree = "<group>"; };
		AA732F4A2B9DD346009EB608 /* OnboardDIContainer.swift */ = {isa = PBXFileReference; lastKnownFileType = sourcecode.swift; path = OnboardDIContainer.swift; sourceTree = "<group>"; };
		AA732F4C2B9DD374009EB608 /* OnboardFlowCoodinator.swift */ = {isa = PBXFileReference; lastKnownFileType = sourcecode.swift; path = OnboardFlowCoodinator.swift; sourceTree = "<group>"; };
		AA732F4F2B9DD3F2009EB608 /* StoryboardInstantiable.swift */ = {isa = PBXFileReference; lastKnownFileType = sourcecode.swift; path = StoryboardInstantiable.swift; sourceTree = "<group>"; };
		AA732F522B9DF2A7009EB608 /* ExtentionView.swift */ = {isa = PBXFileReference; lastKnownFileType = sourcecode.swift; path = ExtentionView.swift; sourceTree = "<group>"; };
		AA732F542B9DF311009EB608 /* ExtentionNameable.swift */ = {isa = PBXFileReference; lastKnownFileType = sourcecode.swift; path = ExtentionNameable.swift; sourceTree = "<group>"; };
		AA732F582B9F42A8009EB608 /* LanguageViewController.swift */ = {isa = PBXFileReference; lastKnownFileType = sourcecode.swift; path = LanguageViewController.swift; sourceTree = "<group>"; };
		AA732F5A2B9F42BE009EB608 /* LanguageViewController.storyboard */ = {isa = PBXFileReference; lastKnownFileType = file.storyboard; path = LanguageViewController.storyboard; sourceTree = "<group>"; };
		AA732F5C2B9F432B009EB608 /* LanguageViewModel.swift */ = {isa = PBXFileReference; lastKnownFileType = sourcecode.swift; path = LanguageViewModel.swift; sourceTree = "<group>"; };
		AA732F602B9F4475009EB608 /* vi */ = {isa = PBXFileReference; lastKnownFileType = text.plist.strings; name = vi; path = vi.lproj/LaunchScreen.strings; sourceTree = "<group>"; };
		AA732F612B9F4490009EB608 /* lo-LA */ = {isa = PBXFileReference; lastKnownFileType = text.plist.strings; name = "lo-LA"; path = "lo-LA.lproj/LaunchScreen.strings"; sourceTree = "<group>"; };
		AA732F622B9F4499009EB608 /* fr */ = {isa = PBXFileReference; lastKnownFileType = text.plist.strings; name = fr; path = fr.lproj/LaunchScreen.strings; sourceTree = "<group>"; };
		AA732F632B9F44D0009EB608 /* km-KH */ = {isa = PBXFileReference; lastKnownFileType = text.plist.strings; name = "km-KH"; path = "km-KH.lproj/LaunchScreen.strings"; sourceTree = "<group>"; };
		AA732F652B9F4530009EB608 /* en */ = {isa = PBXFileReference; lastKnownFileType = text.plist.strings; name = en; path = en.lproj/Localizable.strings; sourceTree = "<group>"; };
		AA732F672B9F4531009EB608 /* fr */ = {isa = PBXFileReference; lastKnownFileType = text.plist.strings; name = fr; path = fr.lproj/Localizable.strings; sourceTree = "<group>"; };
		AA732F682B9F4532009EB608 /* km-KH */ = {isa = PBXFileReference; lastKnownFileType = text.plist.strings; name = "km-KH"; path = "km-KH.lproj/Localizable.strings"; sourceTree = "<group>"; };
		AA732F692B9F4533009EB608 /* lo-LA */ = {isa = PBXFileReference; lastKnownFileType = text.plist.strings; name = "lo-LA"; path = "lo-LA.lproj/Localizable.strings"; sourceTree = "<group>"; };
		AA732F6A2B9F4534009EB608 /* vi */ = {isa = PBXFileReference; lastKnownFileType = text.plist.strings; name = vi; path = vi.lproj/Localizable.strings; sourceTree = "<group>"; };
		AA732F6B2B9F4A3C009EB608 /* LanguageType.swift */ = {isa = PBXFileReference; lastKnownFileType = sourcecode.swift; path = LanguageType.swift; sourceTree = "<group>"; };
		AA732F6E2B9F4CC6009EB608 /* LanguageLocalizable.swift */ = {isa = PBXFileReference; lastKnownFileType = sourcecode.swift; path = LanguageLocalizable.swift; sourceTree = "<group>"; };
		AA732F702B9F4CF2009EB608 /* UserDefaultsData.swift */ = {isa = PBXFileReference; lastKnownFileType = sourcecode.swift; path = UserDefaultsData.swift; sourceTree = "<group>"; };
		AA732F732B9F4EC5009EB608 /* LanguageTableViewCell.swift */ = {isa = PBXFileReference; lastKnownFileType = sourcecode.swift; path = LanguageTableViewCell.swift; sourceTree = "<group>"; };
		AA732F742B9F4EC5009EB608 /* LanguageTableViewCell.xib */ = {isa = PBXFileReference; lastKnownFileType = file.xib; path = LanguageTableViewCell.xib; sourceTree = "<group>"; };
		AA88267B2BAA6837004A2FAC /* AuthenDIContainer.swift */ = {isa = PBXFileReference; lastKnownFileType = sourcecode.swift; path = AuthenDIContainer.swift; sourceTree = "<group>"; };
		AA88267F2BAA6898004A2FAC /* AuthFlowCoodinator.swift */ = {isa = PBXFileReference; lastKnownFileType = sourcecode.swift; path = AuthFlowCoodinator.swift; sourceTree = "<group>"; };
		AA8826812BAA68C6004A2FAC /* LoginViewController.swift */ = {isa = PBXFileReference; lastKnownFileType = sourcecode.swift; path = LoginViewController.swift; sourceTree = "<group>"; };
		AA8826832BAA68CD004A2FAC /* LoginViewController.storyboard */ = {isa = PBXFileReference; lastKnownFileType = file.storyboard; path = LoginViewController.storyboard; sourceTree = "<group>"; };
		AA8826852BAA68EE004A2FAC /* LoginViewModel.swift */ = {isa = PBXFileReference; lastKnownFileType = sourcecode.swift; path = LoginViewModel.swift; sourceTree = "<group>"; };
		AA8826872BAA6939004A2FAC /* Observable.swift */ = {isa = PBXFileReference; lastKnownFileType = sourcecode.swift; path = Observable.swift; sourceTree = "<group>"; };
		AA88268A2BAA69A2004A2FAC /* AuthClient.swift */ = {isa = PBXFileReference; lastKnownFileType = sourcecode.swift; path = AuthClient.swift; sourceTree = "<group>"; };
		AA88268E2BAA6CC1004A2FAC /* FireAuthClient.swift */ = {isa = PBXFileReference; lastKnownFileType = sourcecode.swift; path = FireAuthClient.swift; sourceTree = "<group>"; };
		AA8826902BAA9156004A2FAC /* ExtentionTextField.swift */ = {isa = PBXFileReference; lastKnownFileType = sourcecode.swift; path = ExtentionTextField.swift; sourceTree = "<group>"; };
		AA8826932BAA9999004A2FAC /* LoadingView.swift */ = {isa = PBXFileReference; lastKnownFileType = sourcecode.swift; path = LoadingView.swift; sourceTree = "<group>"; };
		AA8826952BAABF46004A2FAC /* CheckValidate.swift */ = {isa = PBXFileReference; lastKnownFileType = sourcecode.swift; path = CheckValidate.swift; sourceTree = "<group>"; };
		AA8826972BAAC0B8004A2FAC /* ExtensionUIVc.swift */ = {isa = PBXFileReference; lastKnownFileType = sourcecode.swift; path = ExtensionUIVc.swift; sourceTree = "<group>"; };
		AA8826992BAAC0D3004A2FAC /* Alert.swift */ = {isa = PBXFileReference; lastKnownFileType = sourcecode.swift; path = Alert.swift; sourceTree = "<group>"; };
		AA88269C2BAADC8A004A2FAC /* ForgotPasswordViewController.swift */ = {isa = PBXFileReference; lastKnownFileType = sourcecode.swift; path = ForgotPasswordViewController.swift; sourceTree = "<group>"; };
		AA88269E2BAADC94004A2FAC /* ForgotPasswordViewController.storyboard */ = {isa = PBXFileReference; lastKnownFileType = file.storyboard; path = ForgotPasswordViewController.storyboard; sourceTree = "<group>"; };
		AA8826A02BAAE1F2004A2FAC /* ForgotPasswordViewModel.swift */ = {isa = PBXFileReference; lastKnownFileType = sourcecode.swift; path = ForgotPasswordViewModel.swift; sourceTree = "<group>"; };
		AA8826A32BAC3771004A2FAC /* HomeDIContainer.swift */ = {isa = PBXFileReference; lastKnownFileType = sourcecode.swift; path = HomeDIContainer.swift; sourceTree = "<group>"; };
		AA8826A62BAC3858004A2FAC /* DataUserClient.swift */ = {isa = PBXFileReference; lastKnownFileType = sourcecode.swift; path = DataUserClient.swift; sourceTree = "<group>"; };
		AA8826A82BAC3872004A2FAC /* User.swift */ = {isa = PBXFileReference; lastKnownFileType = sourcecode.swift; path = User.swift; sourceTree = "<group>"; };
		AA8826AA2BAC38C0004A2FAC /* Student.swift */ = {isa = PBXFileReference; lastKnownFileType = sourcecode.swift; path = Student.swift; sourceTree = "<group>"; };
		AA8826AC2BAC3D0C004A2FAC /* Posstion.swift */ = {isa = PBXFileReference; lastKnownFileType = sourcecode.swift; path = Posstion.swift; sourceTree = "<group>"; };
		AA8826AE2BAC3DD2004A2FAC /* Teacher.swift */ = {isa = PBXFileReference; lastKnownFileType = sourcecode.swift; path = Teacher.swift; sourceTree = "<group>"; };
		AA8826B02BAC3EA3004A2FAC /* Faculaty.swift */ = {isa = PBXFileReference; lastKnownFileType = sourcecode.swift; path = Faculaty.swift; sourceTree = "<group>"; };
		AA8826B22BAC3ED7004A2FAC /* Manager.swift */ = {isa = PBXFileReference; lastKnownFileType = sourcecode.swift; path = Manager.swift; sourceTree = "<group>"; };
		AA8826B92BAC6FAA004A2FAC /* HomeTabBarViewController.swift */ = {isa = PBXFileReference; lastKnownFileType = sourcecode.swift; path = HomeTabBarViewController.swift; sourceTree = "<group>"; };
		AA8826BE2BAC6FE4004A2FAC /* SearchTabBarViewController.swift */ = {isa = PBXFileReference; lastKnownFileType = sourcecode.swift; path = SearchTabBarViewController.swift; sourceTree = "<group>"; };
		AA8826C12BAC7008004A2FAC /* SettingTabBarViewController.swift */ = {isa = PBXFileReference; lastKnownFileType = sourcecode.swift; path = SettingTabBarViewController.swift; sourceTree = "<group>"; };
		AA8826C32BAC70B8004A2FAC /* HomeTabBarViewController.storyboard */ = {isa = PBXFileReference; lastKnownFileType = file.storyboard; path = HomeTabBarViewController.storyboard; sourceTree = "<group>"; };
		AA8826C52BAC70DD004A2FAC /* SearchTabBarViewController.storyboard */ = {isa = PBXFileReference; lastKnownFileType = file.storyboard; path = SearchTabBarViewController.storyboard; sourceTree = "<group>"; };
		AA8826C72BAC70F8004A2FAC /* SettingTabBarViewController.storyboard */ = {isa = PBXFileReference; lastKnownFileType = file.storyboard; path = SettingTabBarViewController.storyboard; sourceTree = "<group>"; };
		AA8826C92BAC7283004A2FAC /* CustomStyleTabBarContentView.swift */ = {isa = PBXFileReference; lastKnownFileType = sourcecode.swift; path = CustomStyleTabBarContentView.swift; sourceTree = "<group>"; };
		AA8826CB2BAC7536004A2FAC /* FSUserClient.swift */ = {isa = PBXFileReference; lastKnownFileType = sourcecode.swift; path = FSUserClient.swift; sourceTree = "<group>"; };
		AA8826CD2BAC7644004A2FAC /* HomeFlowCoodinator.swift */ = {isa = PBXFileReference; lastKnownFileType = sourcecode.swift; path = HomeFlowCoodinator.swift; sourceTree = "<group>"; };
		AA8826CF2BAC76AC004A2FAC /* HomeTabBarViewModel.swift */ = {isa = PBXFileReference; lastKnownFileType = sourcecode.swift; path = HomeTabBarViewModel.swift; sourceTree = "<group>"; };
		AA8826D12BAC782F004A2FAC /* SearchFlowCoodinator.swift */ = {isa = PBXFileReference; lastKnownFileType = sourcecode.swift; path = SearchFlowCoodinator.swift; sourceTree = "<group>"; };
		AA8826D32BAC7857004A2FAC /* SearchTabBarViewModel.swift */ = {isa = PBXFileReference; lastKnownFileType = sourcecode.swift; path = SearchTabBarViewModel.swift; sourceTree = "<group>"; };
		AA8826D52BAC78A6004A2FAC /* SettingTabBarViewModel.swift */ = {isa = PBXFileReference; lastKnownFileType = sourcecode.swift; path = SettingTabBarViewModel.swift; sourceTree = "<group>"; };
		AA8826D72BAC7A94004A2FAC /* SettingDIContainer.swift */ = {isa = PBXFileReference; lastKnownFileType = sourcecode.swift; path = SettingDIContainer.swift; sourceTree = "<group>"; };
		AA8826D92BAC7AAD004A2FAC /* SearchDIContainer.swift */ = {isa = PBXFileReference; lastKnownFileType = sourcecode.swift; path = SearchDIContainer.swift; sourceTree = "<group>"; };
		AA8826DB2BAC7B9C004A2FAC /* SettingFlowCoodinator.swift */ = {isa = PBXFileReference; lastKnownFileType = sourcecode.swift; path = SettingFlowCoodinator.swift; sourceTree = "<group>"; };
		AAC2063E2B9B625000BDFCF9 /* YouthUnionTLU.app */ = {isa = PBXFileReference; explicitFileType = wrapper.application; includeInIndex = 0; path = YouthUnionTLU.app; sourceTree = BUILT_PRODUCTS_DIR; };
		AAC206412B9B625000BDFCF9 /* AppDelegate.swift */ = {isa = PBXFileReference; lastKnownFileType = sourcecode.swift; path = AppDelegate.swift; sourceTree = "<group>"; };
		AAC2064A2B9B625200BDFCF9 /* Assets.xcassets */ = {isa = PBXFileReference; lastKnownFileType = folder.assetcatalog; path = Assets.xcassets; sourceTree = "<group>"; };
		AAC2064D2B9B625200BDFCF9 /* Base */ = {isa = PBXFileReference; lastKnownFileType = file.storyboard; name = Base; path = Base.lproj/LaunchScreen.storyboard; sourceTree = "<group>"; };
		AAC2064F2B9B625200BDFCF9 /* Info.plist */ = {isa = PBXFileReference; lastKnownFileType = text.plist.xml; path = Info.plist; sourceTree = "<group>"; };
		AADC74042BA33F5000406787 /* PermissionViewController.swift */ = {isa = PBXFileReference; lastKnownFileType = sourcecode.swift; path = PermissionViewController.swift; sourceTree = "<group>"; };
		AADC74062BA33F5A00406787 /* PermissionViewController.storyboard */ = {isa = PBXFileReference; lastKnownFileType = file.storyboard; path = PermissionViewController.storyboard; sourceTree = "<group>"; };
		AADC74082BA3434A00406787 /* PermisstionViewModel.swift */ = {isa = PBXFileReference; lastKnownFileType = sourcecode.swift; path = PermisstionViewModel.swift; sourceTree = "<group>"; };
		EC5442DE59D1755506FBFF32 /* Pods_YouthUnionTLU.framework */ = {isa = PBXFileReference; explicitFileType = wrapper.framework; includeInIndex = 0; path = Pods_YouthUnionTLU.framework; sourceTree = BUILT_PRODUCTS_DIR; };
		F8ECEDEF893615FBFFA5AEE9 /* Pods-YouthUnionTLU.debug.xcconfig */ = {isa = PBXFileReference; includeInIndex = 1; lastKnownFileType = text.xcconfig; name = "Pods-YouthUnionTLU.debug.xcconfig"; path = "Target Support Files/Pods-YouthUnionTLU/Pods-YouthUnionTLU.debug.xcconfig"; sourceTree = "<group>"; };
/* End PBXFileReference section */

/* Begin PBXFrameworksBuildPhase section */
		AAC2063B2B9B625000BDFCF9 /* Frameworks */ = {
			isa = PBXFrameworksBuildPhase;
			buildActionMask = 2147483647;
			files = (
				75DAFBEE875009620FCC9B14 /* Pods_YouthUnionTLU.framework in Frameworks */,
			);
			runOnlyForDeploymentPostprocessing = 0;
		};
/* End PBXFrameworksBuildPhase section */

/* Begin PBXGroup section */
		8A1507878F4EB32C337BD9D8 /* Frameworks */ = {
			isa = PBXGroup;
			children = (
				EC5442DE59D1755506FBFF32 /* Pods_YouthUnionTLU.framework */,
			);
			name = Frameworks;
			sourceTree = "<group>";
		};
		AA732F292B9D73E8009EB608 /* CustomUI */ = {
			isa = PBXGroup;
			children = (
				AA8826902BAA9156004A2FAC /* ExtentionTextField.swift */,
			);
			path = CustomUI;
			sourceTree = "<group>";
		};
		AA732F2A2B9D73F2009EB608 /* Utils */ = {
			isa = PBXGroup;
			children = (
				AA8826922BAA9989004A2FAC /* LoadingView */,
				AA732F512B9DF28D009EB608 /* Extention */,
				AA732F6D2B9F4CA7009EB608 /* LanguageLocalizable */,
				AA732F4E2B9DD3D8009EB608 /* Protocols */,
				AA8826872BAA6939004A2FAC /* Observable.swift */,
				AA8826952BAABF46004A2FAC /* CheckValidate.swift */,
				AA8826992BAAC0D3004A2FAC /* Alert.swift */,
				AA8826C92BAC7283004A2FAC /* CustomStyleTabBarContentView.swift */,
			);
			path = Utils;
			sourceTree = "<group>";
		};
		AA732F2B2B9D73FB009EB608 /* Model */ = {
			isa = PBXGroup;
			children = (
				AA732F6B2B9F4A3C009EB608 /* LanguageType.swift */,
				AA8826AC2BAC3D0C004A2FAC /* Posstion.swift */,
			);
			path = Model;
			sourceTree = "<group>";
		};
		AA732F2C2B9D7411009EB608 /* Resources */ = {
			isa = PBXGroup;
			children = (
				AA732F3B2B9D77BA009EB608 /* Font */,
				AA732F662B9F4530009EB608 /* Localizable.strings */,
				AAC2064A2B9B625200BDFCF9 /* Assets.xcassets */,
				AA732F412B9D844F009EB608 /* GoogleService-Info.plist */,
				AAC2064F2B9B625200BDFCF9 /* Info.plist */,
				AAC2064C2B9B625200BDFCF9 /* LaunchScreen.storyboard */,
			);
			path = Resources;
			sourceTree = "<group>";
		};
		AA732F2D2B9D7421009EB608 /* Common */ = {
			isa = PBXGroup;
			children = (
				AA732F702B9F4CF2009EB608 /* UserDefaultsData.swift */,
			);
			path = Common;
			sourceTree = "<group>";
		};
		AA732F2E2B9D742F009EB608 /* Application */ = {
			isa = PBXGroup;
			children = (
				AAC206412B9B625000BDFCF9 /* AppDelegate.swift */,
				AA732F442B9DD2E1009EB608 /* AppFlowCoordinator.swift */,
				AA732F462B9DD30C009EB608 /* AppAppearance.swift */,
				AA732F432B9DD2C1009EB608 /* DIContainer */,
			);
			path = Application;
			sourceTree = "<group>";
		};
		AA732F2F2B9D7443009EB608 /* Infrastructure */ = {
			isa = PBXGroup;
			children = (
				AA8826892BAA6987004A2FAC /* FirebaseAuth */,
				AA8826A52BAC37D4004A2FAC /* FireStore */,
			);
			path = Infrastructure;
			sourceTree = "<group>";
		};
		AA732F302B9D7449009EB608 /* Data */ = {
			isa = PBXGroup;
			children = (
				AA732F572B9F2219009EB608 /* FireStore */,
			);
			path = Data;
			sourceTree = "<group>";
		};
		AA732F312B9D7457009EB608 /* Presentation */ = {
			isa = PBXGroup;
			children = (
				AA8826BC2BAC6FB9004A2FAC /* Setting */,
				AA8826BB2BAC6FB3004A2FAC /* Search */,
				AA8826A22BAC3566004A2FAC /* Home */,
				AA88267D2BAA686D004A2FAC /* Auth */,
				AA732F332B9D7621009EB608 /* Onbroding */,
			);
			path = Presentation;
			sourceTree = "<group>";
		};
		AA732F332B9D7621009EB608 /* Onbroding */ = {
			isa = PBXGroup;
			children = (
				AA732F342B9D762A009EB608 /* Splash */,
				AA732F562B9ECD05009EB608 /* Language */,
				AADC74032BA33F2800406787 /* Permission */,
				AA732F4C2B9DD374009EB608 /* OnboardFlowCoodinator.swift */,
			);
			path = Onbroding;
			sourceTree = "<group>";
		};
		AA732F342B9D762A009EB608 /* Splash */ = {
			isa = PBXGroup;
			children = (
				AA732F352B9D76F5009EB608 /* SplashViewController.swift */,
				AA732F372B9D770A009EB608 /* SplashViewController.storyboard */,
				AA732F392B9D7723009EB608 /* SplashViewModel.swift */,
			);
			path = Splash;
			sourceTree = "<group>";
		};
		AA732F3B2B9D77BA009EB608 /* Font */ = {
			isa = PBXGroup;
			children = (
				AA732F3C2B9D77E4009EB608 /* SF-Pro-Display-Heavy.otf */,
				AA732F3D2B9D77EF009EB608 /* SF-Pro-Display-Regular.otf */,
				AA732F3E2B9D77F5009EB608 /* SF-Pro-Display-Semibold.otf */,
				AA732F3F2B9D7803009EB608 /* SF-Pro-Display-Medium.otf */,
				AA732F402B9D780B009EB608 /* SF-Pro-Display-Bold.otf */,
			);
			path = Font;
			sourceTree = "<group>";
		};
		AA732F432B9DD2C1009EB608 /* DIContainer */ = {
			isa = PBXGroup;
			children = (
				AA732F482B9DD32F009EB608 /* AppDIContainer.swift */,
				AA732F4A2B9DD346009EB608 /* OnboardDIContainer.swift */,
				AA88267B2BAA6837004A2FAC /* AuthenDIContainer.swift */,
				AA8826A32BAC3771004A2FAC /* HomeDIContainer.swift */,
				AA8826D92BAC7AAD004A2FAC /* SearchDIContainer.swift */,
				AA8826D72BAC7A94004A2FAC /* SettingDIContainer.swift */,
			);
			path = DIContainer;
			sourceTree = "<group>";
		};
		AA732F4E2B9DD3D8009EB608 /* Protocols */ = {
			isa = PBXGroup;
			children = (
				AA732F4F2B9DD3F2009EB608 /* StoryboardInstantiable.swift */,
			);
			path = Protocols;
			sourceTree = "<group>";
		};
		AA732F512B9DF28D009EB608 /* Extention */ = {
			isa = PBXGroup;
			children = (
				AA732F522B9DF2A7009EB608 /* ExtentionView.swift */,
				AA732F542B9DF311009EB608 /* ExtentionNameable.swift */,
				AA8826972BAAC0B8004A2FAC /* ExtensionUIVc.swift */,
			);
			path = Extention;
			sourceTree = "<group>";
		};
		AA732F562B9ECD05009EB608 /* Language */ = {
			isa = PBXGroup;
			children = (
				AA732F722B9F4EA9009EB608 /* LanguageCell */,
				AA732F582B9F42A8009EB608 /* LanguageViewController.swift */,
				AA732F5A2B9F42BE009EB608 /* LanguageViewController.storyboard */,
				AA732F5C2B9F432B009EB608 /* LanguageViewModel.swift */,
			);
			path = Language;
			sourceTree = "<group>";
		};
		AA732F572B9F2219009EB608 /* FireStore */ = {
			isa = PBXGroup;
			children = (
				AA88268D2BAA69EE004A2FAC /* Client */,
				AA88268C2BAA69E2004A2FAC /* Model */,
			);
			path = FireStore;
			sourceTree = "<group>";
		};
		AA732F6D2B9F4CA7009EB608 /* LanguageLocalizable */ = {
			isa = PBXGroup;
			children = (
				AA732F6E2B9F4CC6009EB608 /* LanguageLocalizable.swift */,
			);
			path = LanguageLocalizable;
			sourceTree = "<group>";
		};
		AA732F722B9F4EA9009EB608 /* LanguageCell */ = {
			isa = PBXGroup;
			children = (
				AA732F732B9F4EC5009EB608 /* LanguageTableViewCell.swift */,
				AA732F742B9F4EC5009EB608 /* LanguageTableViewCell.xib */,
			);
			path = LanguageCell;
			sourceTree = "<group>";
		};
		AA88267D2BAA686D004A2FAC /* Auth */ = {
			isa = PBXGroup;
			children = (
				AA88267E2BAA6879004A2FAC /* Login */,
				AA88269B2BAAD27B004A2FAC /* ForgotPassword */,
				AA88267F2BAA6898004A2FAC /* AuthFlowCoodinator.swift */,
			);
			path = Auth;
			sourceTree = "<group>";
		};
		AA88267E2BAA6879004A2FAC /* Login */ = {
			isa = PBXGroup;
			children = (
				AA8826812BAA68C6004A2FAC /* LoginViewController.swift */,
				AA8826832BAA68CD004A2FAC /* LoginViewController.storyboard */,
				AA8826852BAA68EE004A2FAC /* LoginViewModel.swift */,
			);
			path = Login;
			sourceTree = "<group>";
		};
		AA8826892BAA6987004A2FAC /* FirebaseAuth */ = {
			isa = PBXGroup;
			children = (
				AA88268A2BAA69A2004A2FAC /* AuthClient.swift */,
			);
			path = FirebaseAuth;
			sourceTree = "<group>";
		};
		AA88268C2BAA69E2004A2FAC /* Model */ = {
			isa = PBXGroup;
			children = (
				AA8826A82BAC3872004A2FAC /* User.swift */,
				AA8826AA2BAC38C0004A2FAC /* Student.swift */,
				AA8826AE2BAC3DD2004A2FAC /* Teacher.swift */,
				AA8826B02BAC3EA3004A2FAC /* Faculaty.swift */,
				AA8826B22BAC3ED7004A2FAC /* Manager.swift */,
			);
			path = Model;
			sourceTree = "<group>";
		};
		AA88268D2BAA69EE004A2FAC /* Client */ = {
			isa = PBXGroup;
			children = (
				AA88268E2BAA6CC1004A2FAC /* FireAuthClient.swift */,
				AA8826CB2BAC7536004A2FAC /* FSUserClient.swift */,
			);
			path = Client;
			sourceTree = "<group>";
		};
		AA8826922BAA9989004A2FAC /* LoadingView */ = {
			isa = PBXGroup;
			children = (
				AA8826932BAA9999004A2FAC /* LoadingView.swift */,
			);
			path = LoadingView;
			sourceTree = "<group>";
		};
		AA88269B2BAAD27B004A2FAC /* ForgotPassword */ = {
			isa = PBXGroup;
			children = (
				AA88269C2BAADC8A004A2FAC /* ForgotPasswordViewController.swift */,
				AA88269E2BAADC94004A2FAC /* ForgotPasswordViewController.storyboard */,
				AA8826A02BAAE1F2004A2FAC /* ForgotPasswordViewModel.swift */,
			);
			path = ForgotPassword;
			sourceTree = "<group>";
		};
		AA8826A22BAC3566004A2FAC /* Home */ = {
			isa = PBXGroup;
			children = (
				AA8826B82BAC6F94004A2FAC /* HomeTabBar */,
				AA8826CD2BAC7644004A2FAC /* HomeFlowCoodinator.swift */,
			);
			path = Home;
			sourceTree = "<group>";
		};
		AA8826A52BAC37D4004A2FAC /* FireStore */ = {
			isa = PBXGroup;
			children = (
				AA8826A62BAC3858004A2FAC /* DataUserClient.swift */,
			);
			path = FireStore;
			sourceTree = "<group>";
		};
		AA8826B82BAC6F94004A2FAC /* HomeTabBar */ = {
			isa = PBXGroup;
			children = (
				AA8826B92BAC6FAA004A2FAC /* HomeTabBarViewController.swift */,
				AA8826C32BAC70B8004A2FAC /* HomeTabBarViewController.storyboard */,
				AA8826CF2BAC76AC004A2FAC /* HomeTabBarViewModel.swift */,
			);
			path = HomeTabBar;
			sourceTree = "<group>";
		};
		AA8826BB2BAC6FB3004A2FAC /* Search */ = {
			isa = PBXGroup;
			children = (
				AA8826BD2BAC6FCD004A2FAC /* SearchTabBar */,
				AA8826D12BAC782F004A2FAC /* SearchFlowCoodinator.swift */,
			);
			path = Search;
			sourceTree = "<group>";
		};
		AA8826BC2BAC6FB9004A2FAC /* Setting */ = {
			isa = PBXGroup;
			children = (
				AA8826C02BAC6FEC004A2FAC /* SettingTabBar */,
				AA8826DB2BAC7B9C004A2FAC /* SettingFlowCoodinator.swift */,
			);
			path = Setting;
			sourceTree = "<group>";
		};
		AA8826BD2BAC6FCD004A2FAC /* SearchTabBar */ = {
			isa = PBXGroup;
			children = (
				AA8826BE2BAC6FE4004A2FAC /* SearchTabBarViewController.swift */,
				AA8826C52BAC70DD004A2FAC /* SearchTabBarViewController.storyboard */,
				AA8826D32BAC7857004A2FAC /* SearchTabBarViewModel.swift */,
			);
			path = SearchTabBar;
			sourceTree = "<group>";
		};
		AA8826C02BAC6FEC004A2FAC /* SettingTabBar */ = {
			isa = PBXGroup;
			children = (
				AA8826C12BAC7008004A2FAC /* SettingTabBarViewController.swift */,
				AA8826C72BAC70F8004A2FAC /* SettingTabBarViewController.storyboard */,
				AA8826D52BAC78A6004A2FAC /* SettingTabBarViewModel.swift */,
			);
			path = SettingTabBar;
			sourceTree = "<group>";
		};
		AAC206352B9B625000BDFCF9 = {
			isa = PBXGroup;
			children = (
				AA732F262B9D739A009EB608 /* R.generated.swift */,
				AAC206402B9B625000BDFCF9 /* YouthUnionTLU */,
				AAC2063F2B9B625000BDFCF9 /* Products */,
				FB5BE572E31EF3EC6E5E932C /* Pods */,
				8A1507878F4EB32C337BD9D8 /* Frameworks */,
			);
			sourceTree = "<group>";
		};
		AAC2063F2B9B625000BDFCF9 /* Products */ = {
			isa = PBXGroup;
			children = (
				AAC2063E2B9B625000BDFCF9 /* YouthUnionTLU.app */,
			);
			name = Products;
			sourceTree = "<group>";
		};
		AAC206402B9B625000BDFCF9 /* YouthUnionTLU */ = {
			isa = PBXGroup;
			children = (
				AA732F292B9D73E8009EB608 /* CustomUI */,
				AA732F2A2B9D73F2009EB608 /* Utils */,
				AA732F2B2B9D73FB009EB608 /* Model */,
				AA732F2C2B9D7411009EB608 /* Resources */,
				AA732F2D2B9D7421009EB608 /* Common */,
				AA732F2E2B9D742F009EB608 /* Application */,
				AA732F2F2B9D7443009EB608 /* Infrastructure */,
				AA732F302B9D7449009EB608 /* Data */,
				AA732F312B9D7457009EB608 /* Presentation */,
			);
			path = YouthUnionTLU;
			sourceTree = "<group>";
		};
		AADC74032BA33F2800406787 /* Permission */ = {
			isa = PBXGroup;
			children = (
				AADC74042BA33F5000406787 /* PermissionViewController.swift */,
				AADC74062BA33F5A00406787 /* PermissionViewController.storyboard */,
				AADC74082BA3434A00406787 /* PermisstionViewModel.swift */,
			);
			path = Permission;
			sourceTree = "<group>";
		};
		FB5BE572E31EF3EC6E5E932C /* Pods */ = {
			isa = PBXGroup;
			children = (
				F8ECEDEF893615FBFFA5AEE9 /* Pods-YouthUnionTLU.debug.xcconfig */,
				4F0A6FA60D4219DC995B36EA /* Pods-YouthUnionTLU.release.xcconfig */,
			);
			path = Pods;
			sourceTree = "<group>";
		};
/* End PBXGroup section */

/* Begin PBXNativeTarget section */
		AAC2063D2B9B625000BDFCF9 /* YouthUnionTLU */ = {
			isa = PBXNativeTarget;
			buildConfigurationList = AAC206522B9B625200BDFCF9 /* Build configuration list for PBXNativeTarget "YouthUnionTLU" */;
			buildPhases = (
				5A5E23C53AB208610CAEAFDC /* [CP] Check Pods Manifest.lock */,
				AA732F252B9D70B4009EB608 /* R.swift */,
				AAC2063A2B9B625000BDFCF9 /* Sources */,
				AAC2063B2B9B625000BDFCF9 /* Frameworks */,
				AAC2063C2B9B625000BDFCF9 /* Resources */,
				3A915A73F0C5D4FDD1CEE606 /* [CP] Embed Pods Frameworks */,
			);
			buildRules = (
			);
			dependencies = (
			);
			name = YouthUnionTLU;
			productName = YouthUnionTLU;
			productReference = AAC2063E2B9B625000BDFCF9 /* YouthUnionTLU.app */;
			productType = "com.apple.product-type.application";
		};
/* End PBXNativeTarget section */

/* Begin PBXProject section */
		AAC206362B9B625000BDFCF9 /* Project object */ = {
			isa = PBXProject;
			attributes = {
				BuildIndependentTargetsInParallel = 1;
				LastSwiftUpdateCheck = 1520;
				LastUpgradeCheck = 1520;
				TargetAttributes = {
					AAC2063D2B9B625000BDFCF9 = {
						CreatedOnToolsVersion = 15.2;
					};
				};
			};
			buildConfigurationList = AAC206392B9B625000BDFCF9 /* Build configuration list for PBXProject "YouthUnionTLU" */;
			compatibilityVersion = "Xcode 14.0";
			developmentRegion = en;
			hasScannedForEncodings = 0;
			knownRegions = (
				en,
				Base,
				vi,
				"lo-LA",
				fr,
				"km-KH",
			);
			mainGroup = AAC206352B9B625000BDFCF9;
			productRefGroup = AAC2063F2B9B625000BDFCF9 /* Products */;
			projectDirPath = "";
			projectRoot = "";
			targets = (
				AAC2063D2B9B625000BDFCF9 /* YouthUnionTLU */,
			);
		};
/* End PBXProject section */

/* Begin PBXResourcesBuildPhase section */
		AAC2063C2B9B625000BDFCF9 /* Resources */ = {
			isa = PBXResourcesBuildPhase;
			buildActionMask = 2147483647;
			files = (
				AA8826842BAA68CD004A2FAC /* LoginViewController.storyboard in Resources */,
				AA732F762B9F4EC5009EB608 /* LanguageTableViewCell.xib in Resources */,
				AA732F5B2B9F42BE009EB608 /* LanguageViewController.storyboard in Resources */,
				AA8826C42BAC70B8004A2FAC /* HomeTabBarViewController.storyboard in Resources */,
				AA8826C82BAC70F8004A2FAC /* SettingTabBarViewController.storyboard in Resources */,
				AADC74072BA33F5A00406787 /* PermissionViewController.storyboard in Resources */,
				AA8826C62BAC70DD004A2FAC /* SearchTabBarViewController.storyboard in Resources */,
				AA732F642B9F4530009EB608 /* Localizable.strings in Resources */,
				AAC2064E2B9B625200BDFCF9 /* LaunchScreen.storyboard in Resources */,
				AA732F422B9D844F009EB608 /* GoogleService-Info.plist in Resources */,
				AA88269F2BAADC94004A2FAC /* ForgotPasswordViewController.storyboard in Resources */,
				AA732F382B9D770A009EB608 /* SplashViewController.storyboard in Resources */,
				AAC2064B2B9B625200BDFCF9 /* Assets.xcassets in Resources */,
			);
			runOnlyForDeploymentPostprocessing = 0;
		};
/* End PBXResourcesBuildPhase section */

/* Begin PBXShellScriptBuildPhase section */
		3A915A73F0C5D4FDD1CEE606 /* [CP] Embed Pods Frameworks */ = {
			isa = PBXShellScriptBuildPhase;
			buildActionMask = 2147483647;
			files = (
			);
			inputFileListPaths = (
				"${PODS_ROOT}/Target Support Files/Pods-YouthUnionTLU/Pods-YouthUnionTLU-frameworks-${CONFIGURATION}-input-files.xcfilelist",
			);
			name = "[CP] Embed Pods Frameworks";
			outputFileListPaths = (
				"${PODS_ROOT}/Target Support Files/Pods-YouthUnionTLU/Pods-YouthUnionTLU-frameworks-${CONFIGURATION}-output-files.xcfilelist",
			);
			runOnlyForDeploymentPostprocessing = 0;
			shellPath = /bin/sh;
			shellScript = "\"${PODS_ROOT}/Target Support Files/Pods-YouthUnionTLU/Pods-YouthUnionTLU-frameworks.sh\"\n";
			showEnvVarsInLog = 0;
		};
		5A5E23C53AB208610CAEAFDC /* [CP] Check Pods Manifest.lock */ = {
			isa = PBXShellScriptBuildPhase;
			buildActionMask = 2147483647;
			files = (
			);
			inputFileListPaths = (
			);
			inputPaths = (
				"${PODS_PODFILE_DIR_PATH}/Podfile.lock",
				"${PODS_ROOT}/Manifest.lock",
			);
			name = "[CP] Check Pods Manifest.lock";
			outputFileListPaths = (
			);
			outputPaths = (
				"$(DERIVED_FILE_DIR)/Pods-YouthUnionTLU-checkManifestLockResult.txt",
			);
			runOnlyForDeploymentPostprocessing = 0;
			shellPath = /bin/sh;
			shellScript = "diff \"${PODS_PODFILE_DIR_PATH}/Podfile.lock\" \"${PODS_ROOT}/Manifest.lock\" > /dev/null\nif [ $? != 0 ] ; then\n    # print error to STDERR\n    echo \"error: The sandbox is not in sync with the Podfile.lock. Run 'pod install' or update your CocoaPods installation.\" >&2\n    exit 1\nfi\n# This output is used by Xcode 'outputs' to avoid re-running this script phase.\necho \"SUCCESS\" > \"${SCRIPT_OUTPUT_FILE_0}\"\n";
			showEnvVarsInLog = 0;
		};
		AA732F252B9D70B4009EB608 /* R.swift */ = {
			isa = PBXShellScriptBuildPhase;
			alwaysOutOfDate = 1;
			buildActionMask = 2147483647;
			files = (
			);
			inputFileListPaths = (
			);
			inputPaths = (
			);
			name = R.swift;
			outputFileListPaths = (
			);
			outputPaths = (
				$SRCROOT/R.generated.swift,
			);
			runOnlyForDeploymentPostprocessing = 0;
			shellPath = /bin/sh;
			shellScript = "# Type a script or drag a script file from your workspace to insert its path.\n\"$PODS_ROOT/R.swift/rswift\" generate \"$SRCROOT/R.generated.swift\"\n";
		};
/* End PBXShellScriptBuildPhase section */

/* Begin PBXSourcesBuildPhase section */
		AAC2063A2B9B625000BDFCF9 /* Sources */ = {
			isa = PBXSourcesBuildPhase;
			buildActionMask = 2147483647;
			files = (
				AA732F552B9DF311009EB608 /* ExtentionNameable.swift in Sources */,
				AA732F492B9DD32F009EB608 /* AppDIContainer.swift in Sources */,
				AA88269D2BAADC8A004A2FAC /* ForgotPasswordViewController.swift in Sources */,
				AA732F5D2B9F432B009EB608 /* LanguageViewModel.swift in Sources */,
				AA8826822BAA68C6004A2FAC /* LoginViewController.swift in Sources */,
				AADC74052BA33F5000406787 /* PermissionViewController.swift in Sources */,
				AA732F752B9F4EC5009EB608 /* LanguageTableViewCell.swift in Sources */,
				AA8826912BAA9156004A2FAC /* ExtentionTextField.swift in Sources */,
				AA8826DA2BAC7AAD004A2FAC /* SearchDIContainer.swift in Sources */,
				AA8826802BAA6898004A2FAC /* AuthFlowCoodinator.swift in Sources */,
				AA732F3A2B9D7723009EB608 /* SplashViewModel.swift in Sources */,
				AADC74092BA3434A00406787 /* PermisstionViewModel.swift in Sources */,
				AA8826A12BAAE1F2004A2FAC /* ForgotPasswordViewModel.swift in Sources */,
				AAC206422B9B625000BDFCF9 /* AppDelegate.swift in Sources */,
				AA8826982BAAC0B8004A2FAC /* ExtensionUIVc.swift in Sources */,
				AA732F712B9F4CF2009EB608 /* UserDefaultsData.swift in Sources */,
				AA8826882BAA6939004A2FAC /* Observable.swift in Sources */,
				AA732F4B2B9DD346009EB608 /* OnboardDIContainer.swift in Sources */,
				AA8826AB2BAC38C0004A2FAC /* Student.swift in Sources */,
				AA732F272B9D739A009EB608 /* R.generated.swift in Sources */,
				AA8826CC2BAC7536004A2FAC /* FSUserClient.swift in Sources */,
				AA8826AD2BAC3D0C004A2FAC /* Posstion.swift in Sources */,
				AA8826CA2BAC7283004A2FAC /* CustomStyleTabBarContentView.swift in Sources */,
				AA8826BF2BAC6FE4004A2FAC /* SearchTabBarViewController.swift in Sources */,
				AA88267C2BAA6837004A2FAC /* AuthenDIContainer.swift in Sources */,
				AA88268B2BAA69A2004A2FAC /* AuthClient.swift in Sources */,
				AA8826B12BAC3EA3004A2FAC /* Faculaty.swift in Sources */,
				AA88268F2BAA6CC1004A2FAC /* FireAuthClient.swift in Sources */,
				AA8826D62BAC78A6004A2FAC /* SettingTabBarViewModel.swift in Sources */,
				AA8826DC2BAC7B9C004A2FAC /* SettingFlowCoodinator.swift in Sources */,
				AA732F452B9DD2E1009EB608 /* AppFlowCoordinator.swift in Sources */,
				AA8826B32BAC3ED7004A2FAC /* Manager.swift in Sources */,
				AA8826D82BAC7A94004A2FAC /* SettingDIContainer.swift in Sources */,
				AA8826A92BAC3872004A2FAC /* User.swift in Sources */,
				AA8826862BAA68EE004A2FAC /* LoginViewModel.swift in Sources */,
				AA732F472B9DD30C009EB608 /* AppAppearance.swift in Sources */,
				AA732F502B9DD3F2009EB608 /* StoryboardInstantiable.swift in Sources */,
				AA8826A42BAC3771004A2FAC /* HomeDIContainer.swift in Sources */,
				AA8826962BAABF46004A2FAC /* CheckValidate.swift in Sources */,
				AA8826D42BAC7857004A2FAC /* SearchTabBarViewModel.swift in Sources */,
				AA8826D02BAC76AC004A2FAC /* HomeTabBarViewModel.swift in Sources */,
				AA8826BA2BAC6FAA004A2FAC /* HomeTabBarViewController.swift in Sources */,
				AA732F6F2B9F4CC6009EB608 /* LanguageLocalizable.swift in Sources */,
				AA732F362B9D76F5009EB608 /* SplashViewController.swift in Sources */,
				AA8826C22BAC7008004A2FAC /* SettingTabBarViewController.swift in Sources */,
				AA732F592B9F42A8009EB608 /* LanguageViewController.swift in Sources */,
				AA8826942BAA9999004A2FAC /* LoadingView.swift in Sources */,
				AA8826D22BAC782F004A2FAC /* SearchFlowCoodinator.swift in Sources */,
				AA732F4D2B9DD374009EB608 /* OnboardFlowCoodinator.swift in Sources */,
				AA8826CE2BAC7644004A2FAC /* HomeFlowCoodinator.swift in Sources */,
				AA732F6C2B9F4A3C009EB608 /* LanguageType.swift in Sources */,
				AA8826AF2BAC3DD2004A2FAC /* Teacher.swift in Sources */,
				AA88269A2BAAC0D3004A2FAC /* Alert.swift in Sources */,
				AA732F532B9DF2A7009EB608 /* ExtentionView.swift in Sources */,
				AA8826A72BAC3858004A2FAC /* DataUserClient.swift in Sources */,
			);
			runOnlyForDeploymentPostprocessing = 0;
		};
/* End PBXSourcesBuildPhase section */

/* Begin PBXVariantGroup section */
		AA732F662B9F4530009EB608 /* Localizable.strings */ = {
			isa = PBXVariantGroup;
			children = (
				AA732F652B9F4530009EB608 /* en */,
				AA732F672B9F4531009EB608 /* fr */,
				AA732F682B9F4532009EB608 /* km-KH */,
				AA732F692B9F4533009EB608 /* lo-LA */,
				AA732F6A2B9F4534009EB608 /* vi */,
			);
			name = Localizable.strings;
			sourceTree = "<group>";
		};
		AAC2064C2B9B625200BDFCF9 /* LaunchScreen.storyboard */ = {
			isa = PBXVariantGroup;
			children = (
				AAC2064D2B9B625200BDFCF9 /* Base */,
				AA732F602B9F4475009EB608 /* vi */,
				AA732F612B9F4490009EB608 /* lo-LA */,
				AA732F622B9F4499009EB608 /* fr */,
				AA732F632B9F44D0009EB608 /* km-KH */,
			);
			name = LaunchScreen.storyboard;
			sourceTree = "<group>";
		};
/* End PBXVariantGroup section */

/* Begin XCBuildConfiguration section */
		AAC206502B9B625200BDFCF9 /* Debug */ = {
			isa = XCBuildConfiguration;
			buildSettings = {
				ALWAYS_SEARCH_USER_PATHS = NO;
				ASSETCATALOG_COMPILER_GENERATE_SWIFT_ASSET_SYMBOL_EXTENSIONS = YES;
				CLANG_ANALYZER_LOCALIZABILITY_NONLOCALIZED = YES;
				CLANG_ANALYZER_NONNULL = YES;
				CLANG_ANALYZER_NUMBER_OBJECT_CONVERSION = YES_AGGRESSIVE;
				CLANG_CXX_LANGUAGE_STANDARD = "gnu++20";
				CLANG_ENABLE_MODULES = YES;
				CLANG_ENABLE_OBJC_ARC = YES;
				CLANG_ENABLE_OBJC_WEAK = YES;
				CLANG_WARN_BLOCK_CAPTURE_AUTORELEASING = YES;
				CLANG_WARN_BOOL_CONVERSION = YES;
				CLANG_WARN_COMMA = YES;
				CLANG_WARN_CONSTANT_CONVERSION = YES;
				CLANG_WARN_DEPRECATED_OBJC_IMPLEMENTATIONS = YES;
				CLANG_WARN_DIRECT_OBJC_ISA_USAGE = YES_ERROR;
				CLANG_WARN_DOCUMENTATION_COMMENTS = YES;
				CLANG_WARN_EMPTY_BODY = YES;
				CLANG_WARN_ENUM_CONVERSION = YES;
				CLANG_WARN_INFINITE_RECURSION = YES;
				CLANG_WARN_INT_CONVERSION = YES;
				CLANG_WARN_NON_LITERAL_NULL_CONVERSION = YES;
				CLANG_WARN_OBJC_IMPLICIT_RETAIN_SELF = YES;
				CLANG_WARN_OBJC_LITERAL_CONVERSION = YES;
				CLANG_WARN_OBJC_ROOT_CLASS = YES_ERROR;
				CLANG_WARN_QUOTED_INCLUDE_IN_FRAMEWORK_HEADER = YES;
				CLANG_WARN_RANGE_LOOP_ANALYSIS = YES;
				CLANG_WARN_STRICT_PROTOTYPES = YES;
				CLANG_WARN_SUSPICIOUS_MOVE = YES;
				CLANG_WARN_UNGUARDED_AVAILABILITY = YES_AGGRESSIVE;
				CLANG_WARN_UNREACHABLE_CODE = YES;
				CLANG_WARN__DUPLICATE_METHOD_MATCH = YES;
				COPY_PHASE_STRIP = NO;
				DEBUG_INFORMATION_FORMAT = dwarf;
				ENABLE_STRICT_OBJC_MSGSEND = YES;
				ENABLE_TESTABILITY = YES;
				ENABLE_USER_SCRIPT_SANDBOXING = YES;
				GCC_C_LANGUAGE_STANDARD = gnu17;
				GCC_DYNAMIC_NO_PIC = NO;
				GCC_NO_COMMON_BLOCKS = YES;
				GCC_OPTIMIZATION_LEVEL = 0;
				GCC_PREPROCESSOR_DEFINITIONS = (
					"DEBUG=1",
					"$(inherited)",
				);
				GCC_WARN_64_TO_32_BIT_CONVERSION = YES;
				GCC_WARN_ABOUT_RETURN_TYPE = YES_ERROR;
				GCC_WARN_UNDECLARED_SELECTOR = YES;
				GCC_WARN_UNINITIALIZED_AUTOS = YES_AGGRESSIVE;
				GCC_WARN_UNUSED_FUNCTION = YES;
				GCC_WARN_UNUSED_VARIABLE = YES;
				IPHONEOS_DEPLOYMENT_TARGET = 17.2;
				LOCALIZATION_PREFERS_STRING_CATALOGS = YES;
				MTL_ENABLE_DEBUG_INFO = INCLUDE_SOURCE;
				MTL_FAST_MATH = YES;
				ONLY_ACTIVE_ARCH = YES;
				SDKROOT = iphoneos;
				SWIFT_ACTIVE_COMPILATION_CONDITIONS = "DEBUG $(inherited)";
				SWIFT_OPTIMIZATION_LEVEL = "-Onone";
			};
			name = Debug;
		};
		AAC206512B9B625200BDFCF9 /* Release */ = {
			isa = XCBuildConfiguration;
			buildSettings = {
				ALWAYS_SEARCH_USER_PATHS = NO;
				ASSETCATALOG_COMPILER_GENERATE_SWIFT_ASSET_SYMBOL_EXTENSIONS = YES;
				CLANG_ANALYZER_LOCALIZABILITY_NONLOCALIZED = YES;
				CLANG_ANALYZER_NONNULL = YES;
				CLANG_ANALYZER_NUMBER_OBJECT_CONVERSION = YES_AGGRESSIVE;
				CLANG_CXX_LANGUAGE_STANDARD = "gnu++20";
				CLANG_ENABLE_MODULES = YES;
				CLANG_ENABLE_OBJC_ARC = YES;
				CLANG_ENABLE_OBJC_WEAK = YES;
				CLANG_WARN_BLOCK_CAPTURE_AUTORELEASING = YES;
				CLANG_WARN_BOOL_CONVERSION = YES;
				CLANG_WARN_COMMA = YES;
				CLANG_WARN_CONSTANT_CONVERSION = YES;
				CLANG_WARN_DEPRECATED_OBJC_IMPLEMENTATIONS = YES;
				CLANG_WARN_DIRECT_OBJC_ISA_USAGE = YES_ERROR;
				CLANG_WARN_DOCUMENTATION_COMMENTS = YES;
				CLANG_WARN_EMPTY_BODY = YES;
				CLANG_WARN_ENUM_CONVERSION = YES;
				CLANG_WARN_INFINITE_RECURSION = YES;
				CLANG_WARN_INT_CONVERSION = YES;
				CLANG_WARN_NON_LITERAL_NULL_CONVERSION = YES;
				CLANG_WARN_OBJC_IMPLICIT_RETAIN_SELF = YES;
				CLANG_WARN_OBJC_LITERAL_CONVERSION = YES;
				CLANG_WARN_OBJC_ROOT_CLASS = YES_ERROR;
				CLANG_WARN_QUOTED_INCLUDE_IN_FRAMEWORK_HEADER = YES;
				CLANG_WARN_RANGE_LOOP_ANALYSIS = YES;
				CLANG_WARN_STRICT_PROTOTYPES = YES;
				CLANG_WARN_SUSPICIOUS_MOVE = YES;
				CLANG_WARN_UNGUARDED_AVAILABILITY = YES_AGGRESSIVE;
				CLANG_WARN_UNREACHABLE_CODE = YES;
				CLANG_WARN__DUPLICATE_METHOD_MATCH = YES;
				COPY_PHASE_STRIP = NO;
				DEBUG_INFORMATION_FORMAT = "dwarf-with-dsym";
				ENABLE_NS_ASSERTIONS = NO;
				ENABLE_STRICT_OBJC_MSGSEND = YES;
				ENABLE_USER_SCRIPT_SANDBOXING = YES;
				GCC_C_LANGUAGE_STANDARD = gnu17;
				GCC_NO_COMMON_BLOCKS = YES;
				GCC_WARN_64_TO_32_BIT_CONVERSION = YES;
				GCC_WARN_ABOUT_RETURN_TYPE = YES_ERROR;
				GCC_WARN_UNDECLARED_SELECTOR = YES;
				GCC_WARN_UNINITIALIZED_AUTOS = YES_AGGRESSIVE;
				GCC_WARN_UNUSED_FUNCTION = YES;
				GCC_WARN_UNUSED_VARIABLE = YES;
				IPHONEOS_DEPLOYMENT_TARGET = 17.2;
				LOCALIZATION_PREFERS_STRING_CATALOGS = YES;
				MTL_ENABLE_DEBUG_INFO = NO;
				MTL_FAST_MATH = YES;
				SDKROOT = iphoneos;
				SWIFT_COMPILATION_MODE = wholemodule;
				VALIDATE_PRODUCT = YES;
			};
			name = Release;
		};
		AAC206532B9B625200BDFCF9 /* Debug */ = {
			isa = XCBuildConfiguration;
			baseConfigurationReference = F8ECEDEF893615FBFFA5AEE9 /* Pods-YouthUnionTLU.debug.xcconfig */;
			buildSettings = {
				ASSETCATALOG_COMPILER_APPICON_NAME = AppIcon;
				ASSETCATALOG_COMPILER_GLOBAL_ACCENT_COLOR_NAME = AccentColor;
				CODE_SIGN_STYLE = Automatic;
				CURRENT_PROJECT_VERSION = 1;
				DEVELOPMENT_TEAM = 9AUU5RLM92;
				ENABLE_USER_SCRIPT_SANDBOXING = NO;
				GENERATE_INFOPLIST_FILE = YES;
				INFOPLIST_FILE = YouthUnionTLU/Resources/Info.plist;
				INFOPLIST_KEY_LSApplicationCategoryType = "";
				INFOPLIST_KEY_NSAppleMusicUsageDescription = "";
				INFOPLIST_KEY_NSCameraUsageDescription = "";
				INFOPLIST_KEY_NSPhotoLibraryUsageDescription = "";
				INFOPLIST_KEY_UIApplicationSupportsIndirectInputEvents = YES;
				INFOPLIST_KEY_UILaunchStoryboardName = LaunchScreen;
				INFOPLIST_KEY_UISupportedInterfaceOrientations_iPad = "UIInterfaceOrientationPortrait UIInterfaceOrientationPortraitUpsideDown UIInterfaceOrientationLandscapeLeft UIInterfaceOrientationLandscapeRight";
				INFOPLIST_KEY_UISupportedInterfaceOrientations_iPhone = "UIInterfaceOrientationPortrait UIInterfaceOrientationLandscapeLeft UIInterfaceOrientationLandscapeRight";
				IPHONEOS_DEPLOYMENT_TARGET = 14.0;
				LD_RUNPATH_SEARCH_PATHS = (
					"$(inherited)",
					"@executable_path/Frameworks",
				);
				MARKETING_VERSION = 1.0;
				PRODUCT_BUNDLE_IDENTIFIER = nguyenvantuan.YouthUnionTLU;
				PRODUCT_NAME = "$(TARGET_NAME)";
				SWIFT_EMIT_LOC_STRINGS = YES;
				SWIFT_VERSION = 5.0;
				TARGETED_DEVICE_FAMILY = "1,2";
			};
			name = Debug;
		};
		AAC206542B9B625200BDFCF9 /* Release */ = {
			isa = XCBuildConfiguration;
			baseConfigurationReference = 4F0A6FA60D4219DC995B36EA /* Pods-YouthUnionTLU.release.xcconfig */;
			buildSettings = {
				ASSETCATALOG_COMPILER_APPICON_NAME = AppIcon;
				ASSETCATALOG_COMPILER_GLOBAL_ACCENT_COLOR_NAME = AccentColor;
				CODE_SIGN_STYLE = Automatic;
				CURRENT_PROJECT_VERSION = 1;
				DEVELOPMENT_TEAM = 9AUU5RLM92;
				ENABLE_USER_SCRIPT_SANDBOXING = NO;
				GENERATE_INFOPLIST_FILE = YES;
				INFOPLIST_FILE = YouthUnionTLU/Resources/Info.plist;
				INFOPLIST_KEY_LSApplicationCategoryType = "";
				INFOPLIST_KEY_NSAppleMusicUsageDescription = "";
				INFOPLIST_KEY_NSCameraUsageDescription = "";
				INFOPLIST_KEY_NSPhotoLibraryUsageDescription = "";
				INFOPLIST_KEY_UIApplicationSupportsIndirectInputEvents = YES;
				INFOPLIST_KEY_UILaunchStoryboardName = LaunchScreen;
				INFOPLIST_KEY_UISupportedInterfaceOrientations_iPad = "UIInterfaceOrientationPortrait UIInterfaceOrientationPortraitUpsideDown UIInterfaceOrientationLandscapeLeft UIInterfaceOrientationLandscapeRight";
				INFOPLIST_KEY_UISupportedInterfaceOrientations_iPhone = "UIInterfaceOrientationPortrait UIInterfaceOrientationLandscapeLeft UIInterfaceOrientationLandscapeRight";
				IPHONEOS_DEPLOYMENT_TARGET = 14.0;
				LD_RUNPATH_SEARCH_PATHS = (
					"$(inherited)",
					"@executable_path/Frameworks",
				);
				MARKETING_VERSION = 1.0;
				PRODUCT_BUNDLE_IDENTIFIER = nguyenvantuan.YouthUnionTLU;
				PRODUCT_NAME = "$(TARGET_NAME)";
				SWIFT_EMIT_LOC_STRINGS = YES;
				SWIFT_VERSION = 5.0;
				TARGETED_DEVICE_FAMILY = "1,2";
			};
			name = Release;
		};
/* End XCBuildConfiguration section */

/* Begin XCConfigurationList section */
		AAC206392B9B625000BDFCF9 /* Build configuration list for PBXProject "YouthUnionTLU" */ = {
			isa = XCConfigurationList;
			buildConfigurations = (
				AAC206502B9B625200BDFCF9 /* Debug */,
				AAC206512B9B625200BDFCF9 /* Release */,
			);
			defaultConfigurationIsVisible = 0;
			defaultConfigurationName = Release;
		};
		AAC206522B9B625200BDFCF9 /* Build configuration list for PBXNativeTarget "YouthUnionTLU" */ = {
			isa = XCConfigurationList;
			buildConfigurations = (
				AAC206532B9B625200BDFCF9 /* Debug */,
				AAC206542B9B625200BDFCF9 /* Release */,
			);
			defaultConfigurationIsVisible = 0;
			defaultConfigurationName = Release;
		};
/* End XCConfigurationList section */
	};
	rootObject = AAC206362B9B625000BDFCF9 /* Project object */;
}
